
Microsoft Visual Studio Solution File, Format Version 12.00
# Visual Studio Version 17
VisualStudioVersion = 17.5.002.0
MinimumVisualStudioVersion = 10.0.40219.1
Project("{9A19103F-16F7-4668-BE54-9A1E7A4F7556}") = "New C#", "New C#.csproj", "{DA4DB4EC-0593-4A85-B067-EB2785645089}"
EndProject
Global
	GlobalSection(SolutionConfigurationPlatforms) = preSolution
		Debug|Any CPU = Debug|Any CPU
		Release|Any CPU = Release|Any CPU
	EndGlobalSection
	GlobalSection(ProjectConfigurationPlatforms) = postSolution
		{DA4DB4EC-0593-4A85-B067-EB2785645089}.Debug|Any CPU.ActiveCfg = Debug|Any CPU
		{DA4DB4EC-0593-4A85-B067-EB2785645089}.Debug|Any CPU.Build.0 = Debug|Any CPU
		{DA4DB4EC-0593-4A85-B067-EB2785645089}.Release|Any CPU.ActiveCfg = Release|Any CPU
		{DA4DB4EC-0593-4A85-B067-EB2785645089}.Release|Any CPU.Build.0 = Release|Any CPU
	EndGlobalSection
	GlobalSection(SolutionProperties) = preSolution
		HideSolutionNode = FALSE
	EndGlobalSection
	GlobalSection(ExtensibilityGlobals) = postSolution
		SolutionGuid = {870EC4F9-071B-42CE-A7BF-15AB0DCD1F9A}
	EndGlobalSection
EndGlobal
